github.com/Jguer/go-alpm/v2 v2.2.2 h1:sPwUoZp1X5Tw6K6Ba1lWvVJfcgVNEGVcxARLBttZnC0=
github.com/Jguer/go-alpm/v2 v2.2.2/go.mod h1:lfe8gSe83F/KERaQvEfrSqQ4n+8bES+ZIyKWR/gm3MI=
gopkg.in/check.v1 v0.0.0-20161208181325-20d25e280405/go.mod h1:Co6ibVJAznAaIkqp8huTwlJQCZ016jof/cbN4VW5Yz0=
gopkg.in/yaml.v3 v3.0.1 h1:fxVm/GzAzEWqLHuvctI91KS9hhNmmWOoWu0XTYJS7CA=
gopkg.in/yaml.v3 v3.0.1/go.mod h1:K4uyk7z7BCEPqu6E+C64Yfv1cQ7kz7rIZviUmN+EgEM=
